
Microsoft Visual Studio Solution File, Format Version 12.00
# Visual Studio 2013
VisualStudioVersion = 12.0.30723.0
MinimumVisualStudioVersion = 10.0.40219.1
Project("{FAE04EC0-301F-11D3-BF4B-00C04F79EFBC}") = "1.StudentOperations", "1.StudentOperations\1.StudentOperations.csproj", "{D1B34257-B5C2-42F3-B83A-2AA9C19557A1}"
EndProject
Project("{FAE04EC0-301F-11D3-BF4B-00C04F79EFBC}") = "3.BiDictionary", "3.BiDIctionary\3.BiDictionary.csproj", "{FC8320FC-15E9-488D-91CF-9E122B7D7160}"
EndProject
Global
	GlobalSection(SolutionConfigurationPlatforms) = preSolution
		Debug|Any CPU = Debug|Any CPU
		Release|Any CPU = Release|Any CPU
	EndGlobalSection
	GlobalSection(ProjectConfigurationPlatforms) = postSolution
		{D1B34257-B5C2-42F3-B83A-2AA9C19557A1}.Debug|Any CPU.ActiveCfg = Debug|Any CPU
		{D1B34257-B5C2-42F3-B83A-2AA9C19557A1}.Debug|Any CPU.Build.0 = Debug|Any CPU
		{D1B34257-B5C2-42F3-B83A-2AA9C19557A1}.Release|Any CPU.ActiveCfg = Release|Any CPU
		{D1B34257-B5C2-42F3-B83A-2AA9C19557A1}.Release|Any CPU.Build.0 = Release|Any CPU
		{FC8320FC-15E9-488D-91CF-9E122B7D7160}.Debug|Any CPU.ActiveCfg = Debug|Any CPU
		{FC8320FC-15E9-488D-91CF-9E122B7D7160}.Debug|Any CPU.Build.0 = Debug|Any CPU
		{FC8320FC-15E9-488D-91CF-9E122B7D7160}.Release|Any CPU.ActiveCfg = Release|Any CPU
		{FC8320FC-15E9-488D-91CF-9E122B7D7160}.Release|Any CPU.Build.0 = Release|Any CPU
	EndGlobalSection
	GlobalSection(SolutionProperties) = preSolution
		HideSolutionNode = FALSE
	EndGlobalSection
EndGlobal
