
Microsoft Visual Studio Solution File, Format Version 12.00
# Visual Studio 2013
VisualStudioVersion = 12.0.30723.0
MinimumVisualStudioVersion = 10.0.40219.1
Project("{FAE04EC0-301F-11D3-BF4B-00C04F79EFBC}") = "01.CountOccurancesInArray", "01.CountOccurancesInArray\01.CountOccurancesInArray.csproj", "{E530D9D5-48EB-4341-9068-D2F29B95A7D2}"
EndProject
Project("{FAE04EC0-301F-11D3-BF4B-00C04F79EFBC}") = "02.ExtractOddRepeatedStringsFromCollection", "02.ExtractOddRepeatedStringsFromCollection\02.ExtractOddRepeatedStringsFromCollection.csproj", "{8834E700-A603-4C46-B6C3-7AE8A6F15328}"
EndProject
Project("{FAE04EC0-301F-11D3-BF4B-00C04F79EFBC}") = "03.WordsInTextCounter", "03.WordsInTextCounter\03.WordsInTextCounter.csproj", "{5B0A2DD0-D2E0-4A33-B9DB-5BE3EFEDF0F0}"
EndProject
Project("{FAE04EC0-301F-11D3-BF4B-00C04F79EFBC}") = "04-05.HashTableAndSet", "04-05.HashTableAndSet\04-05.HashTableAndSet.csproj", "{6D14BBAA-6BF2-46B7-8D42-3D15207F64AE}"
EndProject
Global
	GlobalSection(SolutionConfigurationPlatforms) = preSolution
		Debug|Any CPU = Debug|Any CPU
		Release|Any CPU = Release|Any CPU
	EndGlobalSection
	GlobalSection(ProjectConfigurationPlatforms) = postSolution
		{E530D9D5-48EB-4341-9068-D2F29B95A7D2}.Debug|Any CPU.ActiveCfg = Debug|Any CPU
		{E530D9D5-48EB-4341-9068-D2F29B95A7D2}.Debug|Any CPU.Build.0 = Debug|Any CPU
		{E530D9D5-48EB-4341-9068-D2F29B95A7D2}.Release|Any CPU.ActiveCfg = Release|Any CPU
		{E530D9D5-48EB-4341-9068-D2F29B95A7D2}.Release|Any CPU.Build.0 = Release|Any CPU
		{8834E700-A603-4C46-B6C3-7AE8A6F15328}.Debug|Any CPU.ActiveCfg = Debug|Any CPU
		{8834E700-A603-4C46-B6C3-7AE8A6F15328}.Debug|Any CPU.Build.0 = Debug|Any CPU
		{8834E700-A603-4C46-B6C3-7AE8A6F15328}.Release|Any CPU.ActiveCfg = Release|Any CPU
		{8834E700-A603-4C46-B6C3-7AE8A6F15328}.Release|Any CPU.Build.0 = Release|Any CPU
		{5B0A2DD0-D2E0-4A33-B9DB-5BE3EFEDF0F0}.Debug|Any CPU.ActiveCfg = Debug|Any CPU
		{5B0A2DD0-D2E0-4A33-B9DB-5BE3EFEDF0F0}.Debug|Any CPU.Build.0 = Debug|Any CPU
		{5B0A2DD0-D2E0-4A33-B9DB-5BE3EFEDF0F0}.Release|Any CPU.ActiveCfg = Release|Any CPU
		{5B0A2DD0-D2E0-4A33-B9DB-5BE3EFEDF0F0}.Release|Any CPU.Build.0 = Release|Any CPU
		{6D14BBAA-6BF2-46B7-8D42-3D15207F64AE}.Debug|Any CPU.ActiveCfg = Debug|Any CPU
		{6D14BBAA-6BF2-46B7-8D42-3D15207F64AE}.Debug|Any CPU.Build.0 = Debug|Any CPU
		{6D14BBAA-6BF2-46B7-8D42-3D15207F64AE}.Release|Any CPU.ActiveCfg = Release|Any CPU
		{6D14BBAA-6BF2-46B7-8D42-3D15207F64AE}.Release|Any CPU.Build.0 = Release|Any CPU
	EndGlobalSection
	GlobalSection(SolutionProperties) = preSolution
		HideSolutionNode = FALSE
	EndGlobalSection
EndGlobal
